PODS:
  - HexColors (2.2.1)
  - MBProgressHUD (1.0.0)
  - PlayableAdsPreviewer (0.6.1)
  - PlayableAdsPreviewerDemo (0.1.0):
    - TSMessages
  - TSMessages (0.9.12):
    - HexColors (~> 2.2.0)

DEPENDENCIES:
  - MBProgressHUD (~> 1.0.0)
  - PlayableAdsPreviewer (= 0.6.1)
  - PlayableAdsPreviewerDemo (from `../`)
  - TSMessages

EXTERNAL SOURCES:
  PlayableAdsPreviewerDemo:
    :path: ../

SPEC CHECKSUMS:
  HexColors: abfd172e329dab59888614ccba6f216cec59289d
  MBProgressHUD: 4890f671c94e8a0f3cf959aa731e9de2f036d71a
  PlayableAdsPreviewer: 0b922c50e84ffa24bf28d179f5512b61ffa01ed7
  PlayableAdsPreviewerDemo: 29e467a756e4f69eb1682fdbbdb5d504fa0c1f09
  TSMessages: c8cc7b80f2a833af533872cd02010cac061532cc

PODFILE CHECKSUM: d4aec896d09c11938c99675be0dfa1596e3cf399

COCOAPODS: 1.3.1
