PODS:
  - Bugly (2.5.0)
  - HexColors (2.2.1)
  - MBProgressHUD (1.0.0)
  - PlayableAdsPreviewer (2.4.0)
  - PlayableAdsPreviewerDemo (0.1.0):
    - TSMessages
  - TSMessages (0.9.12):
    - HexColors (~> 2.2.0)

DEPENDENCIES:
  - Bugly
  - MBProgressHUD (~> 1.0.0)
  - PlayableAdsPreviewer (= 2.4.0)
  - PlayableAdsPreviewerDemo (from `../`)
  - TSMessages

SPEC REPOS:
  https://github.com/cocoapods/specs.git:
    - Bugly
    - HexColors
    - MBProgressHUD
    - PlayableAdsPreviewer
    - TSMessages

EXTERNAL SOURCES:
  PlayableAdsPreviewerDemo:
    :path: "../"

SPEC CHECKSUMS:
  Bugly: 3ca9f255c01025582df26f9222893b383c7e4b4e
  HexColors: abfd172e329dab59888614ccba6f216cec59289d
  MBProgressHUD: 4890f671c94e8a0f3cf959aa731e9de2f036d71a
  PlayableAdsPreviewer: ce3c6b9ea80c3e8f93f95007b7a5fd8d2cb01607
  PlayableAdsPreviewerDemo: dc4a962f2379d5e920b53e352f316c13e108dc3f
  TSMessages: c8cc7b80f2a833af533872cd02010cac061532cc

PODFILE CHECKSUM: 5e9f15a5b30479886b21dbd9fec39340b9bb0d01

COCOAPODS: 1.5.3
